
Microsoft Visual Studio Solution File, Format Version 12.00
# Visual Studio 15
Project("{f2a71f9b-5d33-465a-a702-920d77279786}") = "silverbridge", "silverbridge\silverbridge.fsproj", "{03BD71DC-B4BF-475F-A1B9-ECF34F67FE2D}"
EndProject
Global
	GlobalSection(SolutionConfigurationPlatforms) = preSolution
		Debug|x86 = Debug|x86
		Release|x86 = Release|x86
	EndGlobalSection
	GlobalSection(ProjectConfigurationPlatforms) = postSolution
		{03BD71DC-B4BF-475F-A1B9-ECF34F67FE2D}.Debug|x86.ActiveCfg = Debug|x86
		{03BD71DC-B4BF-475F-A1B9-ECF34F67FE2D}.Debug|x86.Build.0 = Debug|x86
		{03BD71DC-B4BF-475F-A1B9-ECF34F67FE2D}.Release|x86.ActiveCfg = Release|x86
		{03BD71DC-B4BF-475F-A1B9-ECF34F67FE2D}.Release|x86.Build.0 = Release|x86
	EndGlobalSection
	GlobalSection(MonoDevelopProperties) = preSolution
		Policies = $0
		$0.DotNetNamingPolicy = $1
		$1.DirectoryNamespaceAssociation = PrefixedHierarchical
		$0.StandardHeader = $2
		$0.VersionControlPolicy = $3
		description = Client app to control Silverwing web server
		version = 0.1.0
	EndGlobalSection
EndGlobal
